// !$*UTF8*$!
{
	archiveVersion = 1;
	classes = {
	};
	objectVersion = 48;
	objects = {

/* Begin PBXBuildFile section */
		AC663FE81EF45F700072B800 /* AppDelegate.swift in Sources */ = {isa = PBXBuildFile; fileRef = AC663FE71EF45F700072B800 /* AppDelegate.swift */; };
		AC663FEA1EF45F700072B800 /* ViewController.swift in Sources */ = {isa = PBXBuildFile; fileRef = AC663FE91EF45F700072B800 /* ViewController.swift */; };
		AC663FED1EF45F700072B800 /* Main.storyboard in Resources */ = {isa = PBXBuildFile; fileRef = AC663FEB1EF45F700072B800 /* Main.storyboard */; };
		AC663FEF1EF45F700072B800 /* Assets.xcassets in Resources */ = {isa = PBXBuildFile; fileRef = AC663FEE1EF45F700072B800 /* Assets.xcassets */; };
		AC663FF21EF45F700072B800 /* LaunchScreen.storyboard in Resources */ = {isa = PBXBuildFile; fileRef = AC663FF01EF45F700072B800 /* LaunchScreen.storyboard */; };
		AC663FFA1EF465AE0072B800 /* IM_A0059.JPG in Resources */ = {isa = PBXBuildFile; fileRef = AC663FF91EF465AE0072B800 /* IM_A0059.JPG */; };
		AC663FFC1EF467DC0072B800 /* IM_A0142.JPG in Resources */ = {isa = PBXBuildFile; fileRef = AC663FFB1EF467DB0072B800 /* IM_A0142.JPG */; };
/* End PBXBuildFile section */

/* Begin PBXFileReference section */
		AC663FE41EF45F700072B800 /* Postcard.app */ = {isa = PBXFileReference; explicitFileType = wrapper.application; includeInIndex = 0; path = Postcard.app; sourceTree = BUILT_PRODUCTS_DIR; };
		AC663FE71EF45F700072B800 /* AppDelegate.swift */ = {isa = PBXFileReference; lastKnownFileType = sourcecode.swift; path = AppDelegate.swift; sourceTree = "<group>"; };
		AC663FE91EF45F700072B800 /* ViewController.swift */ = {isa = PBXFileReference; lastKnownFileType = sourcecode.swift; path = ViewController.swift; sourceTree = "<group>"; };
		AC663FEC1EF45F700072B800 /* Base */ = {isa = PBXFileReference; lastKnownFileType = file.storyboard; name = Base; path = Base.lproj/Main.storyboard; sourceTree = "<group>"; };
		AC663FEE1EF45F700072B800 /* Assets.xcassets */ = {isa = PBXFileReference; lastKnownFileType = folder.assetcatalog; path = Assets.xcassets; sourceTree = "<group>"; };
		AC663FF11EF45F700072B800 /* Base */ = {isa = PBXFileReference; lastKnownFileType = file.storyboard; name = Base; path = Base.lproj/LaunchScreen.storyboard; sourceTree = "<group>"; };
		AC663FF31EF45F700072B800 /* Info.plist */ = {isa = PBXFileReference; lastKnownFileType = text.plist.xml; path = Info.plist; sourceTree = "<group>"; };
		AC663FF91EF465AE0072B800 /* IM_A0059.JPG */ = {isa = PBXFileReference; lastKnownFileType = image.jpeg; name = IM_A0059.JPG; path = ../../../../Desktop/IM_A0059.JPG; sourceTree = "<group>"; };
		AC663FFB1EF467DB0072B800 /* IM_A0142.JPG */ = {isa = PBXFileReference; lastKnownFileType = image.jpeg; name = IM_A0142.JPG; path = ../../../../Desktop/IM_A0142.JPG; sourceTree = "<group>"; };
/* End PBXFileReference section */

/* Begin PBXFrameworksBuildPhase section */
		AC663FE11EF45F700072B800 /* Frameworks */ = {
			isa = PBXFrameworksBuildPhase;
			buildActionMask = 2147483647;
			files = (
			);
			runOnlyForDeploymentPostprocessing = 0;
		};
/* End PBXFrameworksBuildPhase section */

/* Begin PBXGroup section */
		AC663FDB1EF45F700072B800 = {
			isa = PBXGroup;
			children = (
				AC663FE61EF45F700072B800 /* Postcard */,
				AC663FFD1EF46DAC0072B800 /* Supporting Files */,
				AC663FE51EF45F700072B800 /* Products */,
			);
			sourceTree = "<group>";
		};
		AC663FE51EF45F700072B800 /* Products */ = {
			isa = PBXGroup;
			children = (
				AC663FE41EF45F700072B800 /* Postcard.app */,
			);
			name = Products;
			sourceTree = "<group>";
		};
		AC663FE61EF45F700072B800 /* Postcard */ = {
			isa = PBXGroup;
			children = (
				AC663FE71EF45F700072B800 /* AppDelegate.swift */,
				AC663FE91EF45F700072B800 /* ViewController.swift */,
				AC663FEB1EF45F700072B800 /* Main.storyboard */,
				AC663FEE1EF45F700072B800 /* Assets.xcassets */,
				AC663FF01EF45F700072B800 /* LaunchScreen.storyboard */,
				AC663FF31EF45F700072B800 /* Info.plist */,
			);
			path = Postcard;
			sourceTree = "<group>";
		};
		AC663FFD1EF46DAC0072B800 /* Supporting Files */ = {
			isa = PBXGroup;
			children = (
				AC663FF91EF465AE0072B800 /* IM_A0059.JPG */,
				AC663FFB1EF467DB0072B800 /* IM_A0142.JPG */,
			);
			name = "Supporting Files";
			sourceTree = "<group>";
		};
/* End PBXGroup section */

/* Begin PBXNativeTarget section */
		AC663FE31EF45F700072B800 /* Postcard */ = {
			isa = PBXNativeTarget;
			buildConfigurationList = AC663FF61EF45F700072B800 /* Build configuration list for PBXNativeTarget "Postcard" */;
			buildPhases = (
				AC663FE01EF45F700072B800 /* Sources */,
				AC663FE11EF45F700072B800 /* Frameworks */,
				AC663FE21EF45F700072B800 /* Resources */,
			);
			buildRules = (
			);
			dependencies = (
			);
			name = Postcard;
			productName = Postcard;
			productReference = AC663FE41EF45F700072B800 /* Postcard.app */;
			productType = "com.apple.product-type.application";
		};
/* End PBXNativeTarget section */

/* Begin PBXProject section */
		AC663FDC1EF45F700072B800 /* Project object */ = {
			isa = PBXProject;
			attributes = {
				LastSwiftUpdateCheck = 0900;
				LastUpgradeCheck = 0900;
				ORGANIZATIONNAME = "J. Michael Dean";
				TargetAttributes = {
					AC663FE31EF45F700072B800 = {
						CreatedOnToolsVersion = 9.0;
					};
				};
			};
			buildConfigurationList = AC663FDF1EF45F700072B800 /* Build configuration list for PBXProject "Postcard" */;
			compatibilityVersion = "Xcode 8.0";
			developmentRegion = en;
			hasScannedForEncodings = 0;
			knownRegions = (
				en,
				Base,
			);
			mainGroup = AC663FDB1EF45F700072B800;
			productRefGroup = AC663FE51EF45F700072B800 /* Products */;
			projectDirPath = "";
			projectRoot = "";
			targets = (
				AC663FE31EF45F700072B800 /* Postcard */,
			);
		};
/* End PBXProject section */

/* Begin PBXResourcesBuildPhase section */
		AC663FE21EF45F700072B800 /* Resources */ = {
			isa = PBXResourcesBuildPhase;
			buildActionMask = 2147483647;
			files = (
				AC663FF21EF45F700072B800 /* LaunchScreen.storyboard in Resources */,
				AC663FFC1EF467DC0072B800 /* IM_A0142.JPG in Resources */,
				AC663FEF1EF45F700072B800 /* Assets.xcassets in Resources */,
				AC663FED1EF45F700072B800 /* Main.storyboard in Resources */,
				AC663FFA1EF465AE0072B800 /* IM_A0059.JPG in Resources */,
			);
			runOnlyForDeploymentPostprocessing = 0;
		};
/* End PBXResourcesBuildPhase section */

/* Begin PBXSourcesBuildPhase section */
		AC663FE01EF45F700072B800 /* Sources */ = {
			isa = PBXSourcesBuildPhase;
			buildActionMask = 2147483647;
			files = (
				AC663FEA1EF45F700072B800 /* ViewController.swift in Sources */,
				AC663FE81EF45F700072B800 /* AppDelegate.swift in Sources */,
			);
			runOnlyForDeploymentPostprocessing = 0;
		};
/* End PBXSourcesBuildPhase section */

/* Begin PBXVariantGroup section */
		AC663FEB1EF45F700072B800 /* Main.storyboard */ = {
			isa = PBXVariantGroup;
			children = (
				AC663FEC1EF45F700072B800 /* Base */,
			);
			name = Main.storyboard;
			sourceTree = "<group>";
		};
		AC663FF01EF45F700072B800 /* LaunchScreen.storyboard */ = {
			isa = PBXVariantGroup;
			children = (
				AC663FF11EF45F700072B800 /* Base */,
			);
			name = LaunchScreen.storyboard;
			sourceTree = "<group>";
		};
/* End PBXVariantGroup section */

/* Begin XCBuildConfiguration section */
		AC663FF41EF45F700072B800 /* Debug */ = {
			isa = XCBuildConfiguration;
			buildSettings = {
				ALWAYS_SEARCH_USER_PATHS = NO;
				CLANG_ANALYZER_NONNULL = YES;
				CLANG_ANALYZER_NUMBER_OBJECT_CONVERSION = YES_AGGRESSIVE;
				CLANG_CXX_LANGUAGE_STANDARD = "gnu++14";
				CLANG_CXX_LIBRARY = "libc++";
				CLANG_ENABLE_MODULES = YES;
				CLANG_ENABLE_OBJC_ARC = YES;
				CLANG_WARN_BLOCK_CAPTURE_AUTORELEASING = YES;
				CLANG_WARN_BOOL_CONVERSION = YES;
				CLANG_WARN_COMMA = YES;
				CLANG_WARN_CONSTANT_CONVERSION = YES;
				CLANG_WARN_DIRECT_OBJC_ISA_USAGE = YES_ERROR;
				CLANG_WARN_DOCUMENTATION_COMMENTS = YES;
				CLANG_WARN_EMPTY_BODY = YES;
				CLANG_WARN_ENUM_CONVERSION = YES;
				CLANG_WARN_INFINITE_RECURSION = YES;
				CLANG_WARN_INT_CONVERSION = YES;
				CLANG_WARN_OBJC_ROOT_CLASS = YES_ERROR;
				CLANG_WARN_RANGE_LOOP_ANALYSIS = YES;
				CLANG_WARN_STRICT_PROTOTYPES = YES;
				CLANG_WARN_SUSPICIOUS_MOVE = YES;
				CLANG_WARN_UNGUARDED_AVAILABILITY = YES_AGGRESSIVE;
				CLANG_WARN_UNREACHABLE_CODE = YES;
				CLANG_WARN__DUPLICATE_METHOD_MATCH = YES;
				CODE_SIGN_IDENTITY = "iPhone Developer";
				COPY_PHASE_STRIP = NO;
				DEBUG_INFORMATION_FORMAT = dwarf;
				ENABLE_STRICT_OBJC_MSGSEND = YES;
				ENABLE_TESTABILITY = YES;
				GCC_C_LANGUAGE_STANDARD = gnu11;
				GCC_DYNAMIC_NO_PIC = NO;
				GCC_NO_COMMON_BLOCKS = YES;
				GCC_OPTIMIZATION_LEVEL = 0;
				GCC_PREPROCESSOR_DEFINITIONS = (
					"DEBUG=1",
					"$(inherited)",
				);
				GCC_WARN_64_TO_32_BIT_CONVERSION = YES;
				GCC_WARN_ABOUT_RETURN_TYPE = YES_ERROR;
				GCC_WARN_UNDECLARED_SELECTOR = YES;
				GCC_WARN_UNINITIALIZED_AUTOS = YES_AGGRESSIVE;
				GCC_WARN_UNUSED_FUNCTION = YES;
				GCC_WARN_UNUSED_VARIABLE = YES;
				IPHONEOS_DEPLOYMENT_TARGET = 11.0;
				MTL_ENABLE_DEBUG_INFO = YES;
				ONLY_ACTIVE_ARCH = YES;
				SDKROOT = iphoneos;
				SWIFT_ACTIVE_COMPILATION_CONDITIONS = DEBUG;
				SWIFT_OPTIMIZATION_LEVEL = "-Onone";
			};
			name = Debug;
		};
		AC663FF51EF45F700072B800 /* Release */ = {
			isa = XCBuildConfiguration;
			buildSettings = {
				ALWAYS_SEARCH_USER_PATHS = NO;
				CLANG_ANALYZER_NONNULL = YES;
				CLANG_ANALYZER_NUMBER_OBJECT_CONVERSION = YES_AGGRESSIVE;
				CLANG_CXX_LANGUAGE_STANDARD = "gnu++14";
				CLANG_CXX_LIBRARY = "libc++";
				CLANG_ENABLE_MODULES = YES;
				CLANG_ENABLE_OBJC_ARC = YES;
				CLANG_WARN_BLOCK_CAPTURE_AUTORELEASING = YES;
				CLANG_WARN_BOOL_CONVERSION = YES;
				CLANG_WARN_COMMA = YES;
				CLANG_WARN_CONSTANT_CONVERSION = YES;
				CLANG_WARN_DIRECT_OBJC_ISA_USAGE = YES_ERROR;
				CLANG_WARN_DOCUMENTATION_COMMENTS = YES;
				CLANG_WARN_EMPTY_BODY = YES;
				CLANG_WARN_ENUM_CONVERSION = YES;
				CLANG_WARN_INFINITE_RECURSION = YES;
				CLANG_WARN_INT_CONVERSION = YES;
				CLANG_WARN_OBJC_ROOT_CLASS = YES_ERROR;
				CLANG_WARN_RANGE_LOOP_ANALYSIS = YES;
				CLANG_WARN_STRICT_PROTOTYPES = YES;
				CLANG_WARN_SUSPICIOUS_MOVE = YES;
				CLANG_WARN_UNGUARDED_AVAILABILITY = YES_AGGRESSIVE;
				CLANG_WARN_UNREACHABLE_CODE = YES;
				CLANG_WARN__DUPLICATE_METHOD_MATCH = YES;
				CODE_SIGN_IDENTITY = "iPhone Developer";
				COPY_PHASE_STRIP = NO;
				DEBUG_INFORMATION_FORMAT = "dwarf-with-dsym";
				ENABLE_NS_ASSERTIONS = NO;
				ENABLE_STRICT_OBJC_MSGSEND = YES;
				GCC_C_LANGUAGE_STANDARD = gnu11;
				GCC_NO_COMMON_BLOCKS = YES;
				GCC_WARN_64_TO_32_BIT_CONVERSION = YES;
				GCC_WARN_ABOUT_RETURN_TYPE = YES_ERROR;
				GCC_WARN_UNDECLARED_SELECTOR = YES;
				GCC_WARN_UNINITIALIZED_AUTOS = YES_AGGRESSIVE;
				GCC_WARN_UNUSED_FUNCTION = YES;
				GCC_WARN_UNUSED_VARIABLE = YES;
				IPHONEOS_DEPLOYMENT_TARGET = 11.0;
				MTL_ENABLE_DEBUG_INFO = NO;
				SDKROOT = iphoneos;
				SWIFT_OPTIMIZATION_LEVEL = "-Owholemodule";
				VALIDATE_PRODUCT = YES;
			};
			name = Release;
		};
		AC663FF71EF45F700072B800 /* Debug */ = {
			isa = XCBuildConfiguration;
			buildSettings = {
				ASSETCATALOG_COMPILER_APPICON_NAME = AppIcon;
				DEVELOPMENT_TEAM = 4WMEP3BNE5;
				INFOPLIST_FILE = Postcard/Info.plist;
				LD_RUNPATH_SEARCH_PATHS = "$(inherited) @executable_path/Frameworks";
				PRODUCT_BUNDLE_IDENTIFIER = edu.utah.dcc.dean.Postcard;
				PRODUCT_NAME = "$(TARGET_NAME)";
				SWIFT_VERSION = 4.0;
				TARGETED_DEVICE_FAMILY = "1,2";
			};
			name = Debug;
		};
		AC663FF81EF45F700072B800 /* Release */ = {
			isa = XCBuildConfiguration;
			buildSettings = {
				ASSETCATALOG_COMPILER_APPICON_NAME = AppIcon;
				DEVELOPMENT_TEAM = 4WMEP3BNE5;
				INFOPLIST_FILE = Postcard/Info.plist;
				LD_RUNPATH_SEARCH_PATHS = "$(inherited) @executable_path/Frameworks";
				PRODUCT_BUNDLE_IDENTIFIER = edu.utah.dcc.dean.Postcard;
				PRODUCT_NAME = "$(TARGET_NAME)";
				SWIFT_VERSION = 4.0;
				TARGETED_DEVICE_FAMILY = "1,2";
			};
			name = Release;
		};
/* End XCBuildConfiguration section */

/* Begin XCConfigurationList section */
		AC663FDF1EF45F700072B800 /* Build configuration list for PBXProject "Postcard" */ = {
			isa = XCConfigurationList;
			buildConfigurations = (
				AC663FF41EF45F700072B800 /* Debug */,
				AC663FF51EF45F700072B800 /* Release */,
			);
			defaultConfigurationIsVisible = 0;
			defaultConfigurationName = Release;
		};
		AC663FF61EF45F700072B800 /* Build configuration list for PBXNativeTarget "Postcard" */ = {
			isa = XCConfigurationList;
			buildConfigurations = (
				AC663FF71EF45F700072B800 /* Debug */,
				AC663FF81EF45F700072B800 /* Release */,
			);
			defaultConfigurationIsVisible = 0;
		};
/* End XCConfigurationList section */
	};
	rootObject = AC663FDC1EF45F700072B800 /* Project object */;
}
